
Microsoft Visual Studio Solution File, Format Version 12.00
# Visual Studio Version 17
VisualStudioVersion = 17.14.36301.6 d17.14
MinimumVisualStudioVersion = 10.0.40219.1
Project("{FAE04EC0-301F-11D3-BF4B-00C04F79EFBC}") = "SunSetCTCommentClipBoard", "SunSetCTCommentClipBoard\SunSetCTCommentClipBoard.csproj", "{C954CFA7-7F46-4DC0-AFAD-83935B260AEB}"
EndProject
Global
	GlobalSection(SolutionConfigurationPlatforms) = preSolution
		Debug|Any CPU = Debug|Any CPU
		Release|Any CPU = Release|Any CPU
	EndGlobalSection
	GlobalSection(ProjectConfigurationPlatforms) = postSolution
		{C954CFA7-7F46-4DC0-AFAD-83935B260AEB}.Debug|Any CPU.ActiveCfg = Debug|Any CPU
		{C954CFA7-7F46-4DC0-AFAD-83935B260AEB}.Debug|Any CPU.Build.0 = Debug|Any CPU
		{C954CFA7-7F46-4DC0-AFAD-83935B260AEB}.Release|Any CPU.ActiveCfg = Release|Any CPU
		{C954CFA7-7F46-4DC0-AFAD-83935B260AEB}.Release|Any CPU.Build.0 = Release|Any CPU
	EndGlobalSection
	GlobalSection(SolutionProperties) = preSolution
		HideSolutionNode = FALSE
	EndGlobalSection
	GlobalSection(ExtensibilityGlobals) = postSolution
		SolutionGuid = {C61422EB-A9A1-419F-A095-E7F9E49E43E8}
	EndGlobalSection
EndGlobal
